version = 1
revision = 3
requires-python = ">=3.14"

[[package]]
name = "certifi"
version = "2018.1.18"
source = { registry = "https://pypi.org/simple" }
sdist = { url = "https://files.pythonhosted.org/packages/15/d4/2f888fc463d516ff7bf2379a4e9a552fef7f22a94147655d9b1097108248/certifi-2018.1.18.tar.gz", hash = "sha256:edbc3f203427eef571f79a7692bb160a2b0f7ccaa31953e99bd17e307cf63f7d", size = 151258, upload-time = "2018-01-18T20:30:58.724Z" }
wheels = [
    { url = "https://files.pythonhosted.org/packages/fa/53/0a5562e2b96749e99a3d55d8c7df91c9e4d8c39a9da1f1a49ac9e4f4b39f/certifi-2018.1.18-py2.py3-none-any.whl", hash = "sha256:14131608ad2fd56836d33a71ee60fa1c82bc9d2c8d98b7bdbc631fe1b3cd1296", size = 151607, upload-time = "2018-01-18T20:30:56.854Z" },
]

[[package]]
name = "chardet"
version = "3.0.4"
source = { registry = "https://pypi.org/simple" }
sdist = { url = "https://files.pythonhosted.org/packages/fc/bb/a5768c230f9ddb03acc9ef3f0d4a3cf93462473795d18e9535498c8f929d/chardet-3.0.4.tar.gz", hash = "sha256:84ab92ed1c4d4f16916e05906b6b75a6c0fb5db821cc65e70cbd64a3e2a5eaae", size = 1868453, upload-time = "2017-06-08T14:34:35.581Z" }
wheels = [
    { url = "https://files.pythonhosted.org/packages/bc/a9/01ffebfb562e4274b6487b4bb1ddec7ca55ec7510b22e4c51f14098443b8/chardet-3.0.4-py2.py3-none-any.whl", hash = "sha256:fc323ffcaeaed0e0a02bf4d117757b98aed530d9ed4531e3e15460124c106691", size = 133356, upload-time = "2017-06-08T14:34:33.552Z" },
]

[[package]]
name = "idna"
version = "2.6"
source = { registry = "https://pypi.org/simple" }
sdist = { url = "https://files.pythonhosted.org/packages/f4/bd/0467d62790828c23c47fc1dfa1b1f052b24efdf5290f071c7a91d0d82fd3/idna-2.6.tar.gz", hash = "sha256:2c6a5de3089009e3da7c5dde64a141dbc8551d5b7f6cf4ed7c2568d0cc520a8f", size = 135992, upload-time = "2017-08-08T03:44:58.385Z" }
wheels = [
    { url = "https://files.pythonhosted.org/packages/27/cc/6dd9a3869f15c2edfab863b992838277279ce92663d334df9ecf5106f5c6/idna-2.6-py2.py3-none-any.whl", hash = "sha256:8c7309c718f94b3a625cb648ace320157ad16ff131ae0af362c9f21b80ef6ec4", size = 56450, upload-time = "2017-08-08T03:45:11.061Z" },
]

[[package]]
name = "pygrader"
version = "0.1.0"
source = { virtual = "." }
dependencies = [
    { name = "certifi" },
    { name = "chardet" },
    { name = "idna" },
    { name = "requests" },
    { name = "urllib3" },
]

[package.metadata]
requires-dist = [
    { name = "certifi", specifier = "==2018.1.18" },
    { name = "chardet", specifier = "==3.0.4" },
    { name = "idna", specifier = "==2.6" },
    { name = "requests", specifier = "==2.18.4" },
    { name = "urllib3", specifier = "==1.22" },
]

[[package]]
name = "requests"
version = "2.18.4"
source = { registry = "https://pypi.org/simple" }
dependencies = [
    { name = "certifi" },
    { name = "chardet" },
    { name = "idna" },
    { name = "urllib3" },
]
sdist = { url = "https://files.pythonhosted.org/packages/b0/e1/eab4fc3752e3d240468a8c0b284607899d2fbfb236a56b7377a329aa8d09/requests-2.18.4.tar.gz", hash = "sha256:9c443e7324ba5b85070c4a818ade28bfabedf16ea10206da1132edaa6dda237e", size = 126224, upload-time = "2017-08-15T13:23:46.348Z" }
wheels = [
    { url = "https://files.pythonhosted.org/packages/49/df/50aa1999ab9bde74656c2919d9c0c085fd2b3775fd3eca826012bef76d8c/requests-2.18.4-py2.py3-none-any.whl", hash = "sha256:6a1b267aa90cac58ac3a765d067950e7dbbf75b1da07e895d1f594193a40a38b", size = 88704, upload-time = "2017-08-15T13:23:43.489Z" },
]

[[package]]
name = "urllib3"
version = "1.22"
source = { registry = "https://pypi.org/simple" }
sdist = { url = "https://files.pythonhosted.org/packages/ee/11/7c59620aceedcc1ef65e156cc5ce5a24ef87be4107c2b74458464e437a5d/urllib3-1.22.tar.gz", hash = "sha256:cc44da8e1145637334317feebd728bd869a35285b93cbb4cca2577da7e62db4f", size = 226083, upload-time = "2017-07-20T09:05:48.756Z" }
wheels = [
    { url = "https://files.pythonhosted.org/packages/63/cb/6965947c13a94236f6d4b8223e21beb4d576dc72e8130bd7880f600839b8/urllib3-1.22-py2.py3-none-any.whl", hash = "sha256:06330f386d6e4b195fbfc736b297f58c5a892e4440e54d294d7004e3a9bbea1b", size = 132332, upload-time = "2017-07-20T09:05:46.173Z" },
]
